
Microsoft Visual Studio Solution File, Format Version 12.00
# Visual Studio 2012
Project("{FAE04EC0-301F-11D3-BF4B-00C04F79EFBC}") = "MaxArrayProblem", "MaxArrayProblem\MaxArrayProblem.csproj", "{BFB61E86-5875-40CC-BAE2-B929F2821599}"
EndProject
Global
	GlobalSection(SolutionConfigurationPlatforms) = preSolution
		Debug|Any CPU = Debug|Any CPU
		Release|Any CPU = Release|Any CPU
	EndGlobalSection
	GlobalSection(ProjectConfigurationPlatforms) = postSolution
		{BFB61E86-5875-40CC-BAE2-B929F2821599}.Debug|Any CPU.ActiveCfg = Debug|Any CPU
		{BFB61E86-5875-40CC-BAE2-B929F2821599}.Debug|Any CPU.Build.0 = Debug|Any CPU
		{BFB61E86-5875-40CC-BAE2-B929F2821599}.Release|Any CPU.ActiveCfg = Release|Any CPU
		{BFB61E86-5875-40CC-BAE2-B929F2821599}.Release|Any CPU.Build.0 = Release|Any CPU
	EndGlobalSection
	GlobalSection(SolutionProperties) = preSolution
		HideSolutionNode = FALSE
	EndGlobalSection
EndGlobal
